
Microsoft Visual Studio Solution File, Format Version 12.00
# Visual Studio Version 17
VisualStudioVersion = 17.1.32328.378
MinimumVisualStudioVersion = 10.0.40219.1
Project("{9A19103F-16F7-4668-BE54-9A1E7A4F7556}") = "SmallPPLocalizationTool", "SmallPPLocalizationTool\SmallPPLocalizationTool.csproj", "{6683224D-9BCB-4996-8EA6-178631423908}"
EndProject
Project("{FAE04EC0-301F-11D3-BF4B-00C04F79EFBC}") = "UnitTests", "UnitTests\UnitTests.csproj", "{E159728F-EA17-43B7-86DC-2B79B33A0EB3}"
EndProject
Global
	GlobalSection(SolutionConfigurationPlatforms) = preSolution
		Debug|Any CPU = Debug|Any CPU
		Release|Any CPU = Release|Any CPU
	EndGlobalSection
	GlobalSection(ProjectConfigurationPlatforms) = postSolution
		{6683224D-9BCB-4996-8EA6-178631423908}.Debug|Any CPU.ActiveCfg = Debug|Any CPU
		{6683224D-9BCB-4996-8EA6-178631423908}.Debug|Any CPU.Build.0 = Debug|Any CPU
		{6683224D-9BCB-4996-8EA6-178631423908}.Release|Any CPU.ActiveCfg = Release|Any CPU
		{6683224D-9BCB-4996-8EA6-178631423908}.Release|Any CPU.Build.0 = Release|Any CPU
		{E159728F-EA17-43B7-86DC-2B79B33A0EB3}.Debug|Any CPU.ActiveCfg = Debug|Any CPU
		{E159728F-EA17-43B7-86DC-2B79B33A0EB3}.Debug|Any CPU.Build.0 = Debug|Any CPU
		{E159728F-EA17-43B7-86DC-2B79B33A0EB3}.Release|Any CPU.ActiveCfg = Release|Any CPU
		{E159728F-EA17-43B7-86DC-2B79B33A0EB3}.Release|Any CPU.Build.0 = Release|Any CPU
	EndGlobalSection
	GlobalSection(SolutionProperties) = preSolution
		HideSolutionNode = FALSE
	EndGlobalSection
	GlobalSection(ExtensibilityGlobals) = postSolution
		SolutionGuid = {0518C3F5-E2BC-4A68-A621-1CDA275A0794}
	EndGlobalSection
EndGlobal
